{
  "version": "3",
  "packages": {
    "specifiers": {
      "npm:oxlint": "npm:oxlint@0.2.6"
    },
    "npm": {
      "@oxlint/darwin-arm64@0.2.6": {
        "integrity": "sha512-hUVo2oBnicVYbNiTnaYdXKHDsg9wAnnHYfw9HOM3lsqAXkkmUo9DI3spaYa6TMWUVJ57iTtcR7RXquJ7nVXijQ==",
        "dependencies": {}
      },
      "@oxlint/darwin-x64@0.2.6": {
        "integrity": "sha512-DBdoJhtCos8sumzlFuNt+vmKWu2NEah7bI2EtnZi+6VGJKJpf+T6oA/RADkmDZN2msRrppznCTEewgQRA/LkfQ==",
        "dependencies": {}
      },
      "@oxlint/linux-arm64-gnu@0.2.6": {
        "integrity": "sha512-1uWKjDsVNpGQir8dyA5RymU4FwcJUD4GUBBPDeN7xLgeVnIGXcNWzZ4GSsHsSAGLHgA9JJKQc8iQY+uZpTYRAw==",
        "dependencies": {}
      },
      "@oxlint/linux-arm64-musl@0.2.6": {
        "integrity": "sha512-Sjq9thO2roo2dF0IVk2BQ1NiK0pAhzaJPaY8LdVhWhJy5PZya+UgRxhqb7dMckRq0HSNww3MTqaOD48wLeKJfg==",
        "dependencies": {}
      },
      "@oxlint/linux-x64-gnu@0.2.6": {
        "integrity": "sha512-iBwKXalx1l5/WpCDndJ+VQK3sbLcjZb+XcA2J5sJUfUlK6ua9+rf5bd6EMeVAb1fywlQPBkBya7kPDuJ43PPtw==",
        "dependencies": {}
      },
      "@oxlint/linux-x64-musl@0.2.6": {
        "integrity": "sha512-aZDwMqS4lMPaWzlgA4N9Mw5W/uPQoOh/aCrnsjkub4P9xVoOA1KHoaA+gskdnRkZp2tgiUBOpqLs6tY6WPfqOA==",
        "dependencies": {}
      },
      "@oxlint/win32-arm64@0.2.6": {
        "integrity": "sha512-kpA0v76i+qU8xLHu74KH1HaSsKdZeckf7gk1NKTDpAQklUoeae9lO0NKWuszpfSb1l1tvyRbqwWU94GfGMuCtA==",
        "dependencies": {}
      },
      "@oxlint/win32-x64@0.2.6": {
        "integrity": "sha512-Sh4ieKl5O6EWtwSA2pL5Pr7ixaMXiIiXT310qMBicboq/6QfAujCH7pN28pxtqDxbSckE1QiSZfAafuyddAKrQ==",
        "dependencies": {}
      },
      "oxlint@0.2.6": {
        "integrity": "sha512-oT4Stz2Gr/9cWXtrSZSQ0g3DCd1BWqTejcXqmu6dU7TT/8JMa7rJr1liW632aJY/Ean9sGrFhwXXCCCyM29NlA==",
        "dependencies": {
          "@oxlint/darwin-arm64": "@oxlint/darwin-arm64@0.2.6",
          "@oxlint/darwin-x64": "@oxlint/darwin-x64@0.2.6",
          "@oxlint/linux-arm64-gnu": "@oxlint/linux-arm64-gnu@0.2.6",
          "@oxlint/linux-arm64-musl": "@oxlint/linux-arm64-musl@0.2.6",
          "@oxlint/linux-x64-gnu": "@oxlint/linux-x64-gnu@0.2.6",
          "@oxlint/linux-x64-musl": "@oxlint/linux-x64-musl@0.2.6",
          "@oxlint/win32-arm64": "@oxlint/win32-arm64@0.2.6",
          "@oxlint/win32-x64": "@oxlint/win32-x64@0.2.6"
        }
      }
    }
  },
  "remote": {}
}
